// !$*UTF8*$!
{
	archiveVersion = 1;
	classes = {
	};
	objectVersion = 46;
	objects = {

/* Begin PBXBuildFile section */
		18D8BDC61A5ED40300C3F6B0 /* main.m in Sources */ = {isa = PBXBuildFile; fileRef = 18D8BDC51A5ED40300C3F6B0 /* main.m */; };
		18D8BDC91A5ED40300C3F6B0 /* AppDelegate.m in Sources */ = {isa = PBXBuildFile; fileRef = 18D8BDC81A5ED40300C3F6B0 /* AppDelegate.m */; };
		18D8BDCC1A5ED40300C3F6B0 /* ViewController.m in Sources */ = {isa = PBXBuildFile; fileRef = 18D8BDCB1A5ED40300C3F6B0 /* ViewController.m */; };
		18D8BDCF1A5ED40300C3F6B0 /* Main.storyboard in Resources */ = {isa = PBXBuildFile; fileRef = 18D8BDCD1A5ED40300C3F6B0 /* Main.storyboard */; };
		18D8BDD11A5ED40300C3F6B0 /* Images.xcassets in Resources */ = {isa = PBXBuildFile; fileRef = 18D8BDD01A5ED40300C3F6B0 /* Images.xcassets */; };
		18D8BDD41A5ED40300C3F6B0 /* LaunchScreen.xib in Resources */ = {isa = PBXBuildFile; fileRef = 18D8BDD21A5ED40300C3F6B0 /* LaunchScreen.xib */; };
		18D8BDE01A5ED40300C3F6B0 /* CustomTableViewCellTests.m in Sources */ = {isa = PBXBuildFile; fileRef = 18D8BDDF1A5ED40300C3F6B0 /* CustomTableViewCellTests.m */; };
		18D8BDEB1A5ED48E00C3F6B0 /* CustomTableViewCell.m in Sources */ = {isa = PBXBuildFile; fileRef = 18D8BDEA1A5ED48E00C3F6B0 /* CustomTableViewCell.m */; };
		18D8BDED1A5EDCCB00C3F6B0 /* sample.jpg in Resources */ = {isa = PBXBuildFile; fileRef = 18D8BDEC1A5EDCCB00C3F6B0 /* sample.jpg */; };
		18D8BDF01A6025EE00C3F6B0 /* cake.jpg in Resources */ = {isa = PBXBuildFile; fileRef = 18D8BDEE1A6025EE00C3F6B0 /* cake.jpg */; };
		18D8BDF11A6025EE00C3F6B0 /* effel.jpg in Resources */ = {isa = PBXBuildFile; fileRef = 18D8BDEF1A6025EE00C3F6B0 /* effel.jpg */; };
/* End PBXBuildFile section */

/* Begin PBXContainerItemProxy section */
		18D8BDDA1A5ED40300C3F6B0 /* PBXContainerItemProxy */ = {
			isa = PBXContainerItemProxy;
			containerPortal = 18D8BDB81A5ED40300C3F6B0 /* Project object */;
			proxyType = 1;
			remoteGlobalIDString = 18D8BDBF1A5ED40300C3F6B0;
			remoteInfo = CustomTableViewCell;
		};
/* End PBXContainerItemProxy section */

/* Begin PBXFileReference section */
		18D8BDC01A5ED40300C3F6B0 /* CustomTableViewCell.app */ = {isa = PBXFileReference; explicitFileType = wrapper.application; includeInIndex = 0; path = CustomTableViewCell.app; sourceTree = BUILT_PRODUCTS_DIR; };
		18D8BDC41A5ED40300C3F6B0 /* Info.plist */ = {isa = PBXFileReference; lastKnownFileType = text.plist.xml; path = Info.plist; sourceTree = "<group>"; };
		18D8BDC51A5ED40300C3F6B0 /* main.m */ = {isa = PBXFileReference; lastKnownFileType = sourcecode.c.objc; path = main.m; sourceTree = "<group>"; };
		18D8BDC71A5ED40300C3F6B0 /* AppDelegate.h */ = {isa = PBXFileReference; lastKnownFileType = sourcecode.c.h; path = AppDelegate.h; sourceTree = "<group>"; };
		18D8BDC81A5ED40300C3F6B0 /* AppDelegate.m */ = {isa = PBXFileReference; lastKnownFileType = sourcecode.c.objc; path = AppDelegate.m; sourceTree = "<group>"; };
		18D8BDCA1A5ED40300C3F6B0 /* ViewController.h */ = {isa = PBXFileReference; lastKnownFileType = sourcecode.c.h; path = ViewController.h; sourceTree = "<group>"; };
		18D8BDCB1A5ED40300C3F6B0 /* ViewController.m */ = {isa = PBXFileReference; lastKnownFileType = sourcecode.c.objc; path = ViewController.m; sourceTree = "<group>"; };
		18D8BDCE1A5ED40300C3F6B0 /* Base */ = {isa = PBXFileReference; lastKnownFileType = file.storyboard; name = Base; path = Base.lproj/Main.storyboard; sourceTree = "<group>"; };
		18D8BDD01A5ED40300C3F6B0 /* Images.xcassets */ = {isa = PBXFileReference; lastKnownFileType = folder.assetcatalog; path = Images.xcassets; sourceTree = "<group>"; };
		18D8BDD31A5ED40300C3F6B0 /* Base */ = {isa = PBXFileReference; lastKnownFileType = file.xib; name = Base; path = Base.lproj/LaunchScreen.xib; sourceTree = "<group>"; };
		18D8BDD91A5ED40300C3F6B0 /* CustomTableViewCellTests.xctest */ = {isa = PBXFileReference; explicitFileType = wrapper.cfbundle; includeInIndex = 0; path = CustomTableViewCellTests.xctest; sourceTree = BUILT_PRODUCTS_DIR; };
		18D8BDDE1A5ED40300C3F6B0 /* Info.plist */ = {isa = PBXFileReference; lastKnownFileType = text.plist.xml; path = Info.plist; sourceTree = "<group>"; };
		18D8BDDF1A5ED40300C3F6B0 /* CustomTableViewCellTests.m */ = {isa = PBXFileReference; lastKnownFileType = sourcecode.c.objc; path = CustomTableViewCellTests.m; sourceTree = "<group>"; };
		18D8BDE91A5ED48E00C3F6B0 /* CustomTableViewCell.h */ = {isa = PBXFileReference; fileEncoding = 4; lastKnownFileType = sourcecode.c.h; path = CustomTableViewCell.h; sourceTree = "<group>"; };
		18D8BDEA1A5ED48E00C3F6B0 /* CustomTableViewCell.m */ = {isa = PBXFileReference; fileEncoding = 4; lastKnownFileType = sourcecode.c.objc; path = CustomTableViewCell.m; sourceTree = "<group>"; };
		18D8BDEC1A5EDCCB00C3F6B0 /* sample.jpg */ = {isa = PBXFileReference; lastKnownFileType = image.jpeg; path = sample.jpg; sourceTree = "<group>"; };
		18D8BDEE1A6025EE00C3F6B0 /* cake.jpg */ = {isa = PBXFileReference; lastKnownFileType = image.jpeg; path = cake.jpg; sourceTree = "<group>"; };
		18D8BDEF1A6025EE00C3F6B0 /* effel.jpg */ = {isa = PBXFileReference; lastKnownFileType = image.jpeg; path = effel.jpg; sourceTree = "<group>"; };
/* End PBXFileReference section */

/* Begin PBXFrameworksBuildPhase section */
		18D8BDBD1A5ED40300C3F6B0 /* Frameworks */ = {
			isa = PBXFrameworksBuildPhase;
			buildActionMask = 2147483647;
			files = (
			);
			runOnlyForDeploymentPostprocessing = 0;
		};
		18D8BDD61A5ED40300C3F6B0 /* Frameworks */ = {
			isa = PBXFrameworksBuildPhase;
			buildActionMask = 2147483647;
			files = (
			);
			runOnlyForDeploymentPostprocessing = 0;
		};
/* End PBXFrameworksBuildPhase section */

/* Begin PBXGroup section */
		18D8BDB71A5ED40300C3F6B0 = {
			isa = PBXGroup;
			children = (
				18D8BDC21A5ED40300C3F6B0 /* CustomTableViewCell */,
				18D8BDDC1A5ED40300C3F6B0 /* CustomTableViewCellTests */,
				18D8BDC11A5ED40300C3F6B0 /* Products */,
			);
			sourceTree = "<group>";
		};
		18D8BDC11A5ED40300C3F6B0 /* Products */ = {
			isa = PBXGroup;
			children = (
				18D8BDC01A5ED40300C3F6B0 /* CustomTableViewCell.app */,
				18D8BDD91A5ED40300C3F6B0 /* CustomTableViewCellTests.xctest */,
			);
			name = Products;
			sourceTree = "<group>";
		};
		18D8BDC21A5ED40300C3F6B0 /* CustomTableViewCell */ = {
			isa = PBXGroup;
			children = (
				18D8BDC71A5ED40300C3F6B0 /* AppDelegate.h */,
				18D8BDC81A5ED40300C3F6B0 /* AppDelegate.m */,
				18D8BDCA1A5ED40300C3F6B0 /* ViewController.h */,
				18D8BDCB1A5ED40300C3F6B0 /* ViewController.m */,
				18D8BDE91A5ED48E00C3F6B0 /* CustomTableViewCell.h */,
				18D8BDEA1A5ED48E00C3F6B0 /* CustomTableViewCell.m */,
				18D8BDCD1A5ED40300C3F6B0 /* Main.storyboard */,
				18D8BDEE1A6025EE00C3F6B0 /* cake.jpg */,
				18D8BDEF1A6025EE00C3F6B0 /* effel.jpg */,
				18D8BDEC1A5EDCCB00C3F6B0 /* sample.jpg */,
				18D8BDD01A5ED40300C3F6B0 /* Images.xcassets */,
				18D8BDD21A5ED40300C3F6B0 /* LaunchScreen.xib */,
				18D8BDC31A5ED40300C3F6B0 /* Supporting Files */,
			);
			path = CustomTableViewCell;
			sourceTree = "<group>";
		};
		18D8BDC31A5ED40300C3F6B0 /* Supporting Files */ = {
			isa = PBXGroup;
			children = (
				18D8BDC41A5ED40300C3F6B0 /* Info.plist */,
				18D8BDC51A5ED40300C3F6B0 /* main.m */,
			);
			name = "Supporting Files";
			sourceTree = "<group>";
		};
		18D8BDDC1A5ED40300C3F6B0 /* CustomTableViewCellTests */ = {
			isa = PBXGroup;
			children = (
				18D8BDDF1A5ED40300C3F6B0 /* CustomTableViewCellTests.m */,
				18D8BDDD1A5ED40300C3F6B0 /* Supporting Files */,
			);
			path = CustomTableViewCellTests;
			sourceTree = "<group>";
		};
		18D8BDDD1A5ED40300C3F6B0 /* Supporting Files */ = {
			isa = PBXGroup;
			children = (
				18D8BDDE1A5ED40300C3F6B0 /* Info.plist */,
			);
			name = "Supporting Files";
			sourceTree = "<group>";
		};
/* End PBXGroup section */

/* Begin PBXNativeTarget section */
		18D8BDBF1A5ED40300C3F6B0 /* CustomTableViewCell */ = {
			isa = PBXNativeTarget;
			buildConfigurationList = 18D8BDE31A5ED40300C3F6B0 /* Build configuration list for PBXNativeTarget "CustomTableViewCell" */;
			buildPhases = (
				18D8BDBC1A5ED40300C3F6B0 /* Sources */,
				18D8BDBD1A5ED40300C3F6B0 /* Frameworks */,
				18D8BDBE1A5ED40300C3F6B0 /* Resources */,
			);
			buildRules = (
			);
			dependencies = (
			);
			name = CustomTableViewCell;
			productName = CustomTableViewCell;
			productReference = 18D8BDC01A5ED40300C3F6B0 /* CustomTableViewCell.app */;
			productType = "com.apple.product-type.application";
		};
		18D8BDD81A5ED40300C3F6B0 /* CustomTableViewCellTests */ = {
			isa = PBXNativeTarget;
			buildConfigurationList = 18D8BDE61A5ED40300C3F6B0 /* Build configuration list for PBXNativeTarget "CustomTableViewCellTests" */;
			buildPhases = (
				18D8BDD51A5ED40300C3F6B0 /* Sources */,
				18D8BDD61A5ED40300C3F6B0 /* Frameworks */,
				18D8BDD71A5ED40300C3F6B0 /* Resources */,
			);
			buildRules = (
			);
			dependencies = (
				18D8BDDB1A5ED40300C3F6B0 /* PBXTargetDependency */,
			);
			name = CustomTableViewCellTests;
			productName = CustomTableViewCellTests;
			productReference = 18D8BDD91A5ED40300C3F6B0 /* CustomTableViewCellTests.xctest */;
			productType = "com.apple.product-type.bundle.unit-test";
		};
/* End PBXNativeTarget section */

/* Begin PBXProject section */
		18D8BDB81A5ED40300C3F6B0 /* Project object */ = {
			isa = PBXProject;
			attributes = {
				LastUpgradeCheck = 0610;
				ORGANIZATIONNAME = edu.myself;
				TargetAttributes = {
					18D8BDBF1A5ED40300C3F6B0 = {
						CreatedOnToolsVersion = 6.1;
					};
					18D8BDD81A5ED40300C3F6B0 = {
						CreatedOnToolsVersion = 6.1;
						TestTargetID = 18D8BDBF1A5ED40300C3F6B0;
					};
				};
			};
			buildConfigurationList = 18D8BDBB1A5ED40300C3F6B0 /* Build configuration list for PBXProject "CustomTableViewCell" */;
			compatibilityVersion = "Xcode 3.2";
			developmentRegion = English;
			hasScannedForEncodings = 0;
			knownRegions = (
				en,
				Base,
			);
			mainGroup = 18D8BDB71A5ED40300C3F6B0;
			productRefGroup = 18D8BDC11A5ED40300C3F6B0 /* Products */;
			projectDirPath = "";
			projectRoot = "";
			targets = (
				18D8BDBF1A5ED40300C3F6B0 /* CustomTableViewCell */,
				18D8BDD81A5ED40300C3F6B0 /* CustomTableViewCellTests */,
			);
		};
/* End PBXProject section */

/* Begin PBXResourcesBuildPhase section */
		18D8BDBE1A5ED40300C3F6B0 /* Resources */ = {
			isa = PBXResourcesBuildPhase;
			buildActionMask = 2147483647;
			files = (
				18D8BDCF1A5ED40300C3F6B0 /* Main.storyboard in Resources */,
				18D8BDF01A6025EE00C3F6B0 /* cake.jpg in Resources */,
				18D8BDF11A6025EE00C3F6B0 /* effel.jpg in Resources */,
				18D8BDD41A5ED40300C3F6B0 /* LaunchScreen.xib in Resources */,
				18D8BDD11A5ED40300C3F6B0 /* Images.xcassets in Resources */,
				18D8BDED1A5EDCCB00C3F6B0 /* sample.jpg in Resources */,
			);
			runOnlyForDeploymentPostprocessing = 0;
		};
		18D8BDD71A5ED40300C3F6B0 /* Resources */ = {
			isa = PBXResourcesBuildPhase;
			buildActionMask = 2147483647;
			files = (
			);
			runOnlyForDeploymentPostprocessing = 0;
		};
/* End PBXResourcesBuildPhase section */

/* Begin PBXSourcesBuildPhase section */
		18D8BDBC1A5ED40300C3F6B0 /* Sources */ = {
			isa = PBXSourcesBuildPhase;
			buildActionMask = 2147483647;
			files = (
				18D8BDCC1A5ED40300C3F6B0 /* ViewController.m in Sources */,
				18D8BDC91A5ED40300C3F6B0 /* AppDelegate.m in Sources */,
				18D8BDEB1A5ED48E00C3F6B0 /* CustomTableViewCell.m in Sources */,
				18D8BDC61A5ED40300C3F6B0 /* main.m in Sources */,
			);
			runOnlyForDeploymentPostprocessing = 0;
		};
		18D8BDD51A5ED40300C3F6B0 /* Sources */ = {
			isa = PBXSourcesBuildPhase;
			buildActionMask = 2147483647;
			files = (
				18D8BDE01A5ED40300C3F6B0 /* CustomTableViewCellTests.m in Sources */,
			);
			runOnlyForDeploymentPostprocessing = 0;
		};
/* End PBXSourcesBuildPhase section */

/* Begin PBXTargetDependency section */
		18D8BDDB1A5ED40300C3F6B0 /* PBXTargetDependency */ = {
			isa = PBXTargetDependency;
			target = 18D8BDBF1A5ED40300C3F6B0 /* CustomTableViewCell */;
			targetProxy = 18D8BDDA1A5ED40300C3F6B0 /* PBXContainerItemProxy */;
		};
/* End PBXTargetDependency section */

/* Begin PBXVariantGroup section */
		18D8BDCD1A5ED40300C3F6B0 /* Main.storyboard */ = {
			isa = PBXVariantGroup;
			children = (
				18D8BDCE1A5ED40300C3F6B0 /* Base */,
			);
			name = Main.storyboard;
			sourceTree = "<group>";
		};
		18D8BDD21A5ED40300C3F6B0 /* LaunchScreen.xib */ = {
			isa = PBXVariantGroup;
			children = (
				18D8BDD31A5ED40300C3F6B0 /* Base */,
			);
			name = LaunchScreen.xib;
			sourceTree = "<group>";
		};
/* End PBXVariantGroup section */

/* Begin XCBuildConfiguration section */
		18D8BDE11A5ED40300C3F6B0 /* Debug */ = {
			isa = XCBuildConfiguration;
			buildSettings = {
				ALWAYS_SEARCH_USER_PATHS = NO;
				CLANG_CXX_LANGUAGE_STANDARD = "gnu++0x";
				CLANG_CXX_LIBRARY = "libc++";
				CLANG_ENABLE_MODULES = YES;
				CLANG_ENABLE_OBJC_ARC = YES;
				CLANG_WARN_BOOL_CONVERSION = YES;
				CLANG_WARN_CONSTANT_CONVERSION = YES;
				CLANG_WARN_DIRECT_OBJC_ISA_USAGE = YES_ERROR;
				CLANG_WARN_EMPTY_BODY = YES;
				CLANG_WARN_ENUM_CONVERSION = YES;
				CLANG_WARN_INT_CONVERSION = YES;
				CLANG_WARN_OBJC_ROOT_CLASS = YES_ERROR;
				CLANG_WARN_UNREACHABLE_CODE = YES;
				CLANG_WARN__DUPLICATE_METHOD_MATCH = YES;
				"CODE_SIGN_IDENTITY[sdk=iphoneos*]" = "iPhone Developer";
				COPY_PHASE_STRIP = NO;
				ENABLE_STRICT_OBJC_MSGSEND = YES;
				GCC_C_LANGUAGE_STANDARD = gnu99;
				GCC_DYNAMIC_NO_PIC = NO;
				GCC_OPTIMIZATION_LEVEL = 0;
				GCC_PREPROCESSOR_DEFINITIONS = (
					"DEBUG=1",
					"$(inherited)",
				);
				GCC_SYMBOLS_PRIVATE_EXTERN = NO;
				GCC_WARN_64_TO_32_BIT_CONVERSION = YES;
				GCC_WARN_ABOUT_RETURN_TYPE = YES_ERROR;
				GCC_WARN_UNDECLARED_SELECTOR = YES;
				GCC_WARN_UNINITIALIZED_AUTOS = YES_AGGRESSIVE;
				GCC_WARN_UNUSED_FUNCTION = YES;
				GCC_WARN_UNUSED_VARIABLE = YES;
				IPHONEOS_DEPLOYMENT_TARGET = 8.1;
				MTL_ENABLE_DEBUG_INFO = YES;
				ONLY_ACTIVE_ARCH = YES;
				SDKROOT = iphoneos;
				TARGETED_DEVICE_FAMILY = "1,2";
			};
			name = Debug;
		};
		18D8BDE21A5ED40300C3F6B0 /* Release */ = {
			isa = XCBuildConfiguration;
			buildSettings = {
				ALWAYS_SEARCH_USER_PATHS = NO;
				CLANG_CXX_LANGUAGE_STANDARD = "gnu++0x";
				CLANG_CXX_LIBRARY = "libc++";
				CLANG_ENABLE_MODULES = YES;
				CLANG_ENABLE_OBJC_ARC = YES;
				CLANG_WARN_BOOL_CONVERSION = YES;
				CLANG_WARN_CONSTANT_CONVERSION = YES;
				CLANG_WARN_DIRECT_OBJC_ISA_USAGE = YES_ERROR;
				CLANG_WARN_EMPTY_BODY = YES;
				CLANG_WARN_ENUM_CONVERSION = YES;
				CLANG_WARN_INT_CONVERSION = YES;
				CLANG_WARN_OBJC_ROOT_CLASS = YES_ERROR;
				CLANG_WARN_UNREACHABLE_CODE = YES;
				CLANG_WARN__DUPLICATE_METHOD_MATCH = YES;
				"CODE_SIGN_IDENTITY[sdk=iphoneos*]" = "iPhone Developer";
				COPY_PHASE_STRIP = YES;
				ENABLE_NS_ASSERTIONS = NO;
				ENABLE_STRICT_OBJC_MSGSEND = YES;
				GCC_C_LANGUAGE_STANDARD = gnu99;
				GCC_WARN_64_TO_32_BIT_CONVERSION = YES;
				GCC_WARN_ABOUT_RETURN_TYPE = YES_ERROR;
				GCC_WARN_UNDECLARED_SELECTOR = YES;
				GCC_WARN_UNINITIALIZED_AUTOS = YES_AGGRESSIVE;
				GCC_WARN_UNUSED_FUNCTION = YES;
				GCC_WARN_UNUSED_VARIABLE = YES;
				IPHONEOS_DEPLOYMENT_TARGET = 8.1;
				MTL_ENABLE_DEBUG_INFO = NO;
				SDKROOT = iphoneos;
				TARGETED_DEVICE_FAMILY = "1,2";
				VALIDATE_PRODUCT = YES;
			};
			name = Release;
		};
		18D8BDE41A5ED40300C3F6B0 /* Debug */ = {
			isa = XCBuildConfiguration;
			buildSettings = {
				ASSETCATALOG_COMPILER_APPICON_NAME = AppIcon;
				INFOPLIST_FILE = CustomTableViewCell/Info.plist;
				LD_RUNPATH_SEARCH_PATHS = "$(inherited) @executable_path/Frameworks";
				PRODUCT_NAME = "$(TARGET_NAME)";
			};
			name = Debug;
		};
		18D8BDE51A5ED40300C3F6B0 /* Release */ = {
			isa = XCBuildConfiguration;
			buildSettings = {
				ASSETCATALOG_COMPILER_APPICON_NAME = AppIcon;
				INFOPLIST_FILE = CustomTableViewCell/Info.plist;
				LD_RUNPATH_SEARCH_PATHS = "$(inherited) @executable_path/Frameworks";
				PRODUCT_NAME = "$(TARGET_NAME)";
			};
			name = Release;
		};
		18D8BDE71A5ED40300C3F6B0 /* Debug */ = {
			isa = XCBuildConfiguration;
			buildSettings = {
				BUNDLE_LOADER = "$(TEST_HOST)";
				FRAMEWORK_SEARCH_PATHS = (
					"$(SDKROOT)/Developer/Library/Frameworks",
					"$(inherited)",
				);
				GCC_PREPROCESSOR_DEFINITIONS = (
					"DEBUG=1",
					"$(inherited)",
				);
				INFOPLIST_FILE = CustomTableViewCellTests/Info.plist;
				LD_RUNPATH_SEARCH_PATHS = "$(inherited) @executable_path/Frameworks @loader_path/Frameworks";
				PRODUCT_NAME = "$(TARGET_NAME)";
				TEST_HOST = "$(BUILT_PRODUCTS_DIR)/CustomTableViewCell.app/CustomTableViewCell";
			};
			name = Debug;
		};
		18D8BDE81A5ED40300C3F6B0 /* Release */ = {
			isa = XCBuildConfiguration;
			buildSettings = {
				BUNDLE_LOADER = "$(TEST_HOST)";
				FRAMEWORK_SEARCH_PATHS = (
					"$(SDKROOT)/Developer/Library/Frameworks",
					"$(inherited)",
				);
				INFOPLIST_FILE = CustomTableViewCellTests/Info.plist;
				LD_RUNPATH_SEARCH_PATHS = "$(inherited) @executable_path/Frameworks @loader_path/Frameworks";
				PRODUCT_NAME = "$(TARGET_NAME)";
				TEST_HOST = "$(BUILT_PRODUCTS_DIR)/CustomTableViewCell.app/CustomTableViewCell";
			};
			name = Release;
		};
/* End XCBuildConfiguration section */

/* Begin XCConfigurationList section */
		18D8BDBB1A5ED40300C3F6B0 /* Build configuration list for PBXProject "CustomTableViewCell" */ = {
			isa = XCConfigurationList;
			buildConfigurations = (
				18D8BDE11A5ED40300C3F6B0 /* Debug */,
				18D8BDE21A5ED40300C3F6B0 /* Release */,
			);
			defaultConfigurationIsVisible = 0;
			defaultConfigurationName = Release;
		};
		18D8BDE31A5ED40300C3F6B0 /* Build configuration list for PBXNativeTarget "CustomTableViewCell" */ = {
			isa = XCConfigurationList;
			buildConfigurations = (
				18D8BDE41A5ED40300C3F6B0 /* Debug */,
				18D8BDE51A5ED40300C3F6B0 /* Release */,
			);
			defaultConfigurationIsVisible = 0;
		};
		18D8BDE61A5ED40300C3F6B0 /* Build configuration list for PBXNativeTarget "CustomTableViewCellTests" */ = {
			isa = XCConfigurationList;
			buildConfigurations = (
				18D8BDE71A5ED40300C3F6B0 /* Debug */,
				18D8BDE81A5ED40300C3F6B0 /* Release */,
			);
			defaultConfigurationIsVisible = 0;
		};
/* End XCConfigurationList section */
	};
	rootObject = 18D8BDB81A5ED40300C3F6B0 /* Project object */;
}
